{
  "nodes": {
    "nixpkgs": {
      "locked": {
        "lastModified": 1643675886,
        "narHash": "sha256-7aHJ3P1H0SOTVXuf9S104m8/OoT63ak79vCtDvEzacY=",
        "owner": "nixos",
        "repo": "nixpkgs",
        "rev": "92f2b3e8114e962c7bcdf0071eba877340bbd57c",
        "type": "github"
      },
      "original": {
        "owner": "nixos",
        "ref": "nixos-unstable-small",
        "repo": "nixpkgs",
        "type": "github"
      }
    },
    "root": {
      "inputs": {
        "nixpkgs": "nixpkgs"
      }
    }
  },
  "root": "root",
  "version": 7
}
